
Microsoft Visual Studio Solution File, Format Version 12.00
# Visual Studio 15
VisualStudioVersion = 15.0.26430.16
MinimumVisualStudioVersion = 10.0.40219.1
Project("{8BC9CEB8-8B4A-11D0-8D11-00A0C91BC942}") = "RGB2YUVLib", "RGB2YUV\RGB2YUV.vcxproj", "{F9E76A4E-70CF-416C-AFA7-A32F8134E629}"
EndProject
Project("{8BC9CEB8-8B4A-11D0-8D11-00A0C91BC942}") = "RGB2YUVConverter", "RGB2YUVConverter\RGB2YUVConverter.vcxproj", "{508A6E26-F70D-4AAC-BFA0-83DCB1641238}"
	ProjectSection(ProjectDependencies) = postProject
		{F9E76A4E-70CF-416C-AFA7-A32F8134E629} = {F9E76A4E-70CF-416C-AFA7-A32F8134E629}
	EndProjectSection
EndProject
Global
	GlobalSection(SolutionConfigurationPlatforms) = preSolution
		Debug|x64 = Debug|x64
		Debug|x86 = Debug|x86
		Release|x64 = Release|x64
		Release|x86 = Release|x86
	EndGlobalSection
	GlobalSection(ProjectConfigurationPlatforms) = postSolution
		{F9E76A4E-70CF-416C-AFA7-A32F8134E629}.Debug|x64.ActiveCfg = Debug|x64
		{F9E76A4E-70CF-416C-AFA7-A32F8134E629}.Debug|x64.Build.0 = Debug|x64
		{F9E76A4E-70CF-416C-AFA7-A32F8134E629}.Debug|x86.ActiveCfg = Debug|Win32
		{F9E76A4E-70CF-416C-AFA7-A32F8134E629}.Debug|x86.Build.0 = Debug|Win32
		{F9E76A4E-70CF-416C-AFA7-A32F8134E629}.Release|x64.ActiveCfg = Release|x64
		{F9E76A4E-70CF-416C-AFA7-A32F8134E629}.Release|x64.Build.0 = Release|x64
		{F9E76A4E-70CF-416C-AFA7-A32F8134E629}.Release|x86.ActiveCfg = Release|Win32
		{F9E76A4E-70CF-416C-AFA7-A32F8134E629}.Release|x86.Build.0 = Release|Win32
		{508A6E26-F70D-4AAC-BFA0-83DCB1641238}.Debug|x64.ActiveCfg = Debug|x64
		{508A6E26-F70D-4AAC-BFA0-83DCB1641238}.Debug|x64.Build.0 = Debug|x64
		{508A6E26-F70D-4AAC-BFA0-83DCB1641238}.Debug|x86.ActiveCfg = Debug|Win32
		{508A6E26-F70D-4AAC-BFA0-83DCB1641238}.Debug|x86.Build.0 = Debug|Win32
		{508A6E26-F70D-4AAC-BFA0-83DCB1641238}.Release|x64.ActiveCfg = Release|x64
		{508A6E26-F70D-4AAC-BFA0-83DCB1641238}.Release|x64.Build.0 = Release|x64
		{508A6E26-F70D-4AAC-BFA0-83DCB1641238}.Release|x86.ActiveCfg = Release|Win32
		{508A6E26-F70D-4AAC-BFA0-83DCB1641238}.Release|x86.Build.0 = Release|Win32
	EndGlobalSection
	GlobalSection(SolutionProperties) = preSolution
		HideSolutionNode = FALSE
	EndGlobalSection
EndGlobal
